
Microsoft Visual Studio Solution File, Format Version 12.00
# Visual Studio Version 17
VisualStudioVersion = 17.0.31903.59
MinimumVisualStudioVersion = 10.0.40219.1
Project("{2150E333-8FDC-42A3-9474-1A3956D46DE8}") = "Server", "Server", "{DAD03CFC-D5FA-AC94-41C7-9ABAB326F09E}"
EndProject
Project("{FAE04EC0-301F-11D3-BF4B-00C04F79EFBC}") = "AuthService", "Server\AuthService\AuthService.csproj", "{A640D857-DD32-4629-B952-226FB58CE8FF}"
EndProject
Project("{FAE04EC0-301F-11D3-BF4B-00C04F79EFBC}") = "MovieService", "Server\MovieService\MovieService.csproj", "{8BD23EB2-A54B-4E0B-86C7-C6378E5F2A97}"
EndProject
Project("{FAE04EC0-301F-11D3-BF4B-00C04F79EFBC}") = "Shared", "Server\Shared\Shared.csproj", "{57C9DF67-DE72-488A-882A-1CDDEE4626DD}"
EndProject
Global
	GlobalSection(SolutionConfigurationPlatforms) = preSolution
		Debug|Any CPU = Debug|Any CPU
		Debug|x64 = Debug|x64
		Debug|x86 = Debug|x86
		Release|Any CPU = Release|Any CPU
		Release|x64 = Release|x64
		Release|x86 = Release|x86
	EndGlobalSection
	GlobalSection(ProjectConfigurationPlatforms) = postSolution
		{A640D857-DD32-4629-B952-226FB58CE8FF}.Debug|Any CPU.ActiveCfg = Debug|Any CPU
		{A640D857-DD32-4629-B952-226FB58CE8FF}.Debug|Any CPU.Build.0 = Debug|Any CPU
		{A640D857-DD32-4629-B952-226FB58CE8FF}.Debug|x64.ActiveCfg = Debug|Any CPU
		{A640D857-DD32-4629-B952-226FB58CE8FF}.Debug|x64.Build.0 = Debug|Any CPU
		{A640D857-DD32-4629-B952-226FB58CE8FF}.Debug|x86.ActiveCfg = Debug|Any CPU
		{A640D857-DD32-4629-B952-226FB58CE8FF}.Debug|x86.Build.0 = Debug|Any CPU
		{A640D857-DD32-4629-B952-226FB58CE8FF}.Release|Any CPU.ActiveCfg = Release|Any CPU
		{A640D857-DD32-4629-B952-226FB58CE8FF}.Release|Any CPU.Build.0 = Release|Any CPU
		{A640D857-DD32-4629-B952-226FB58CE8FF}.Release|x64.ActiveCfg = Release|Any CPU
		{A640D857-DD32-4629-B952-226FB58CE8FF}.Release|x64.Build.0 = Release|Any CPU
		{A640D857-DD32-4629-B952-226FB58CE8FF}.Release|x86.ActiveCfg = Release|Any CPU
		{A640D857-DD32-4629-B952-226FB58CE8FF}.Release|x86.Build.0 = Release|Any CPU
		{8BD23EB2-A54B-4E0B-86C7-C6378E5F2A97}.Debug|Any CPU.ActiveCfg = Debug|Any CPU
		{8BD23EB2-A54B-4E0B-86C7-C6378E5F2A97}.Debug|Any CPU.Build.0 = Debug|Any CPU
		{8BD23EB2-A54B-4E0B-86C7-C6378E5F2A97}.Debug|x64.ActiveCfg = Debug|Any CPU
		{8BD23EB2-A54B-4E0B-86C7-C6378E5F2A97}.Debug|x64.Build.0 = Debug|Any CPU
		{8BD23EB2-A54B-4E0B-86C7-C6378E5F2A97}.Debug|x86.ActiveCfg = Debug|Any CPU
		{8BD23EB2-A54B-4E0B-86C7-C6378E5F2A97}.Debug|x86.Build.0 = Debug|Any CPU
		{8BD23EB2-A54B-4E0B-86C7-C6378E5F2A97}.Release|Any CPU.ActiveCfg = Release|Any CPU
		{8BD23EB2-A54B-4E0B-86C7-C6378E5F2A97}.Release|Any CPU.Build.0 = Release|Any CPU
		{8BD23EB2-A54B-4E0B-86C7-C6378E5F2A97}.Release|x64.ActiveCfg = Release|Any CPU
		{8BD23EB2-A54B-4E0B-86C7-C6378E5F2A97}.Release|x64.Build.0 = Release|Any CPU
		{8BD23EB2-A54B-4E0B-86C7-C6378E5F2A97}.Release|x86.ActiveCfg = Release|Any CPU
		{8BD23EB2-A54B-4E0B-86C7-C6378E5F2A97}.Release|x86.Build.0 = Release|Any CPU
		{57C9DF67-DE72-488A-882A-1CDDEE4626DD}.Debug|Any CPU.ActiveCfg = Debug|Any CPU
		{57C9DF67-DE72-488A-882A-1CDDEE4626DD}.Debug|Any CPU.Build.0 = Debug|Any CPU
		{57C9DF67-DE72-488A-882A-1CDDEE4626DD}.Debug|x64.ActiveCfg = Debug|Any CPU
		{57C9DF67-DE72-488A-882A-1CDDEE4626DD}.Debug|x64.Build.0 = Debug|Any CPU
		{57C9DF67-DE72-488A-882A-1CDDEE4626DD}.Debug|x86.ActiveCfg = Debug|Any CPU
		{57C9DF67-DE72-488A-882A-1CDDEE4626DD}.Debug|x86.Build.0 = Debug|Any CPU
		{57C9DF67-DE72-488A-882A-1CDDEE4626DD}.Release|Any CPU.ActiveCfg = Release|Any CPU
		{57C9DF67-DE72-488A-882A-1CDDEE4626DD}.Release|Any CPU.Build.0 = Release|Any CPU
		{57C9DF67-DE72-488A-882A-1CDDEE4626DD}.Release|x64.ActiveCfg = Release|Any CPU
		{57C9DF67-DE72-488A-882A-1CDDEE4626DD}.Release|x64.Build.0 = Release|Any CPU
		{57C9DF67-DE72-488A-882A-1CDDEE4626DD}.Release|x86.ActiveCfg = Release|Any CPU
		{57C9DF67-DE72-488A-882A-1CDDEE4626DD}.Release|x86.Build.0 = Release|Any CPU
	EndGlobalSection
	GlobalSection(SolutionProperties) = preSolution
		HideSolutionNode = FALSE
	EndGlobalSection
	GlobalSection(NestedProjects) = preSolution
		{A640D857-DD32-4629-B952-226FB58CE8FF} = {DAD03CFC-D5FA-AC94-41C7-9ABAB326F09E}
		{8BD23EB2-A54B-4E0B-86C7-C6378E5F2A97} = {DAD03CFC-D5FA-AC94-41C7-9ABAB326F09E}
		{57C9DF67-DE72-488A-882A-1CDDEE4626DD} = {DAD03CFC-D5FA-AC94-41C7-9ABAB326F09E}
	EndGlobalSection
EndGlobal
